
Microsoft Visual Studio Solution File, Format Version 12.00
# Visual Studio Version 16
VisualStudioVersion = 16.0.29728.190
MinimumVisualStudioVersion = 10.0.40219.1
Project("{FAE04EC0-301F-11D3-BF4B-00C04F79EFBC}") = "ModuleWebAPI", "ModuleWebAPI\ModuleWebAPI.csproj", "{631287BD-F078-405C-BFB7-37AF28A42096}"
EndProject
Project("{FAE04EC0-301F-11D3-BF4B-00C04F79EFBC}") = "ModuleBL", "ModuleBL\ModuleBL.csproj", "{6A9A11EB-27ED-4F39-9779-DBFA76FE7C52}"
EndProject
Project("{FAE04EC0-301F-11D3-BF4B-00C04F79EFBC}") = "ModuleDAL", "ModuleDAL\ModuleDAL.csproj", "{F27243C8-13A1-440F-824E-A7BB5F7867AE}"
EndProject
Project("{FAE04EC0-301F-11D3-BF4B-00C04F79EFBC}") = "ModuleMVC", "ModuleMVC\ModuleMVC.csproj", "{A7793027-1FA6-486E-9E2C-947E6AD184C0}"
EndProject
Project("{FAE04EC0-301F-11D3-BF4B-00C04F79EFBC}") = "ModuleBLMVC", "ModuleBLMVC\ModuleBLMVC.csproj", "{CCC1A040-F566-44CC-B767-785D3CFE2B77}"
EndProject
Global
	GlobalSection(SolutionConfigurationPlatforms) = preSolution
		Debug|Any CPU = Debug|Any CPU
		Release|Any CPU = Release|Any CPU
	EndGlobalSection
	GlobalSection(ProjectConfigurationPlatforms) = postSolution
		{631287BD-F078-405C-BFB7-37AF28A42096}.Debug|Any CPU.ActiveCfg = Debug|Any CPU
		{631287BD-F078-405C-BFB7-37AF28A42096}.Debug|Any CPU.Build.0 = Debug|Any CPU
		{631287BD-F078-405C-BFB7-37AF28A42096}.Release|Any CPU.ActiveCfg = Release|Any CPU
		{631287BD-F078-405C-BFB7-37AF28A42096}.Release|Any CPU.Build.0 = Release|Any CPU
		{6A9A11EB-27ED-4F39-9779-DBFA76FE7C52}.Debug|Any CPU.ActiveCfg = Debug|Any CPU
		{6A9A11EB-27ED-4F39-9779-DBFA76FE7C52}.Debug|Any CPU.Build.0 = Debug|Any CPU
		{6A9A11EB-27ED-4F39-9779-DBFA76FE7C52}.Release|Any CPU.ActiveCfg = Release|Any CPU
		{6A9A11EB-27ED-4F39-9779-DBFA76FE7C52}.Release|Any CPU.Build.0 = Release|Any CPU
		{F27243C8-13A1-440F-824E-A7BB5F7867AE}.Debug|Any CPU.ActiveCfg = Debug|Any CPU
		{F27243C8-13A1-440F-824E-A7BB5F7867AE}.Debug|Any CPU.Build.0 = Debug|Any CPU
		{F27243C8-13A1-440F-824E-A7BB5F7867AE}.Release|Any CPU.ActiveCfg = Release|Any CPU
		{F27243C8-13A1-440F-824E-A7BB5F7867AE}.Release|Any CPU.Build.0 = Release|Any CPU
		{A7793027-1FA6-486E-9E2C-947E6AD184C0}.Debug|Any CPU.ActiveCfg = Debug|Any CPU
		{A7793027-1FA6-486E-9E2C-947E6AD184C0}.Debug|Any CPU.Build.0 = Debug|Any CPU
		{A7793027-1FA6-486E-9E2C-947E6AD184C0}.Release|Any CPU.ActiveCfg = Release|Any CPU
		{A7793027-1FA6-486E-9E2C-947E6AD184C0}.Release|Any CPU.Build.0 = Release|Any CPU
		{CCC1A040-F566-44CC-B767-785D3CFE2B77}.Debug|Any CPU.ActiveCfg = Debug|Any CPU
		{CCC1A040-F566-44CC-B767-785D3CFE2B77}.Debug|Any CPU.Build.0 = Debug|Any CPU
		{CCC1A040-F566-44CC-B767-785D3CFE2B77}.Release|Any CPU.ActiveCfg = Release|Any CPU
		{CCC1A040-F566-44CC-B767-785D3CFE2B77}.Release|Any CPU.Build.0 = Release|Any CPU
	EndGlobalSection
	GlobalSection(SolutionProperties) = preSolution
		HideSolutionNode = FALSE
	EndGlobalSection
	GlobalSection(ExtensibilityGlobals) = postSolution
		SolutionGuid = {1D859CF5-8404-41A8-9527-588767EEFBDE}
	EndGlobalSection
EndGlobal
