
Microsoft Visual Studio Solution File, Format Version 12.00
# Visual Studio Version 16
VisualStudioVersion = 16.0.29728.190
MinimumVisualStudioVersion = 10.0.40219.1
Project("{FAE04EC0-301F-11D3-BF4B-00C04F79EFBC}") = "ExampleSOLID", "ExampleSOLID\ExampleSOLID.csproj", "{CF164A6C-8995-4CCC-AD24-B4C81111730D}"
EndProject
Global
	GlobalSection(SolutionConfigurationPlatforms) = preSolution
		Debug|Any CPU = Debug|Any CPU
		Release|Any CPU = Release|Any CPU
	EndGlobalSection
	GlobalSection(ProjectConfigurationPlatforms) = postSolution
		{CF164A6C-8995-4CCC-AD24-B4C81111730D}.Debug|Any CPU.ActiveCfg = Debug|Any CPU
		{CF164A6C-8995-4CCC-AD24-B4C81111730D}.Debug|Any CPU.Build.0 = Debug|Any CPU
		{CF164A6C-8995-4CCC-AD24-B4C81111730D}.Release|Any CPU.ActiveCfg = Release|Any CPU
		{CF164A6C-8995-4CCC-AD24-B4C81111730D}.Release|Any CPU.Build.0 = Release|Any CPU
	EndGlobalSection
	GlobalSection(SolutionProperties) = preSolution
		HideSolutionNode = FALSE
	EndGlobalSection
	GlobalSection(ExtensibilityGlobals) = postSolution
		SolutionGuid = {56ECEA3B-F1F3-4EB3-8156-7920DACD3C8B}
	EndGlobalSection
EndGlobal
